
Microsoft Visual Studio Solution File, Format Version 12.00
# Visual Studio Version 16
VisualStudioVersion = 16.0.29519.181
MinimumVisualStudioVersion = 10.0.40219.1
Project("{FAE04EC0-301F-11D3-BF4B-00C04F79EFBC}") = "IntersectingNeedles", "IntersectingNeedles\IntersectingNeedles.csproj", "{79FB1EBE-98DC-4C39-90B6-44871BB3E61E}"
EndProject
Global
	GlobalSection(SolutionConfigurationPlatforms) = preSolution
		Debug|Any CPU = Debug|Any CPU
		Release|Any CPU = Release|Any CPU
	EndGlobalSection
	GlobalSection(ProjectConfigurationPlatforms) = postSolution
		{79FB1EBE-98DC-4C39-90B6-44871BB3E61E}.Debug|Any CPU.ActiveCfg = Debug|Any CPU
		{79FB1EBE-98DC-4C39-90B6-44871BB3E61E}.Debug|Any CPU.Build.0 = Debug|Any CPU
		{79FB1EBE-98DC-4C39-90B6-44871BB3E61E}.Release|Any CPU.ActiveCfg = Release|Any CPU
		{79FB1EBE-98DC-4C39-90B6-44871BB3E61E}.Release|Any CPU.Build.0 = Release|Any CPU
	EndGlobalSection
	GlobalSection(SolutionProperties) = preSolution
		HideSolutionNode = FALSE
	EndGlobalSection
	GlobalSection(ExtensibilityGlobals) = postSolution
		SolutionGuid = {D900D2C9-A003-48DE-9154-1040FA246AFE}
	EndGlobalSection
EndGlobal
